
Microsoft Visual Studio Solution File, Format Version 12.00
# Visual Studio 15
VisualStudioVersion = 15.0.27130.2010
MinimumVisualStudioVersion = 15.0.26124.0
Project("{9A19103F-16F7-4668-BE54-9A1E7A4F7556}") = "Contracts", "Contracts\Contracts.csproj", "{87FD80B0-3FF9-4745-AD85-8DCB3BE2ED03}"
EndProject
Project("{2150E333-8FDC-42A3-9474-1A3956D46DE8}") = "Aggregates", "Aggregates", "{1713C44A-77E0-456E-9662-B5BF47613672}"
EndProject
Project("{9A19103F-16F7-4668-BE54-9A1E7A4F7556}") = "Common", "Common\Common.csproj", "{2E87EE2A-9A1C-4588-8184-247E3CC730FD}"
EndProject
Project("{9A19103F-16F7-4668-BE54-9A1E7A4F7556}") = "Groups.Tests", "Groups.Tests\Groups.Tests.csproj", "{2E37A096-3BF4-49E1-9FC1-C461EDE1EAD7}"
EndProject
Project("{9A19103F-16F7-4668-BE54-9A1E7A4F7556}") = "Groups", "Groups\Groups.csproj", "{84A39D57-8AA1-46CF-852A-2A5354F02C78}"
EndProject
Project("{9A19103F-16F7-4668-BE54-9A1E7A4F7556}") = "Database", "Database\Database.csproj", "{500FDBDB-12D3-4CDE-B0F3-778EBB271E55}"
EndProject
Project("{9A19103F-16F7-4668-BE54-9A1E7A4F7556}") = "Migrator", "Migrator\Migrator.csproj", "{1804EE34-20A9-441A-B3C5-9BCD7C186A6E}"
EndProject
Global
	GlobalSection(SolutionConfigurationPlatforms) = preSolution
		Debug|Any CPU = Debug|Any CPU
		Debug|x64 = Debug|x64
		Debug|x86 = Debug|x86
		Release|Any CPU = Release|Any CPU
		Release|x64 = Release|x64
		Release|x86 = Release|x86
	EndGlobalSection
	GlobalSection(ProjectConfigurationPlatforms) = postSolution
		{87FD80B0-3FF9-4745-AD85-8DCB3BE2ED03}.Debug|Any CPU.ActiveCfg = Debug|Any CPU
		{87FD80B0-3FF9-4745-AD85-8DCB3BE2ED03}.Debug|Any CPU.Build.0 = Debug|Any CPU
		{87FD80B0-3FF9-4745-AD85-8DCB3BE2ED03}.Debug|x64.ActiveCfg = Debug|Any CPU
		{87FD80B0-3FF9-4745-AD85-8DCB3BE2ED03}.Debug|x64.Build.0 = Debug|Any CPU
		{87FD80B0-3FF9-4745-AD85-8DCB3BE2ED03}.Debug|x86.ActiveCfg = Debug|Any CPU
		{87FD80B0-3FF9-4745-AD85-8DCB3BE2ED03}.Debug|x86.Build.0 = Debug|Any CPU
		{87FD80B0-3FF9-4745-AD85-8DCB3BE2ED03}.Release|Any CPU.ActiveCfg = Release|Any CPU
		{87FD80B0-3FF9-4745-AD85-8DCB3BE2ED03}.Release|Any CPU.Build.0 = Release|Any CPU
		{87FD80B0-3FF9-4745-AD85-8DCB3BE2ED03}.Release|x64.ActiveCfg = Release|Any CPU
		{87FD80B0-3FF9-4745-AD85-8DCB3BE2ED03}.Release|x64.Build.0 = Release|Any CPU
		{87FD80B0-3FF9-4745-AD85-8DCB3BE2ED03}.Release|x86.ActiveCfg = Release|Any CPU
		{87FD80B0-3FF9-4745-AD85-8DCB3BE2ED03}.Release|x86.Build.0 = Release|Any CPU
		{2E87EE2A-9A1C-4588-8184-247E3CC730FD}.Debug|Any CPU.ActiveCfg = Debug|Any CPU
		{2E87EE2A-9A1C-4588-8184-247E3CC730FD}.Debug|Any CPU.Build.0 = Debug|Any CPU
		{2E87EE2A-9A1C-4588-8184-247E3CC730FD}.Debug|x64.ActiveCfg = Debug|Any CPU
		{2E87EE2A-9A1C-4588-8184-247E3CC730FD}.Debug|x64.Build.0 = Debug|Any CPU
		{2E87EE2A-9A1C-4588-8184-247E3CC730FD}.Debug|x86.ActiveCfg = Debug|Any CPU
		{2E87EE2A-9A1C-4588-8184-247E3CC730FD}.Debug|x86.Build.0 = Debug|Any CPU
		{2E87EE2A-9A1C-4588-8184-247E3CC730FD}.Release|Any CPU.ActiveCfg = Release|Any CPU
		{2E87EE2A-9A1C-4588-8184-247E3CC730FD}.Release|Any CPU.Build.0 = Release|Any CPU
		{2E87EE2A-9A1C-4588-8184-247E3CC730FD}.Release|x64.ActiveCfg = Release|Any CPU
		{2E87EE2A-9A1C-4588-8184-247E3CC730FD}.Release|x64.Build.0 = Release|Any CPU
		{2E87EE2A-9A1C-4588-8184-247E3CC730FD}.Release|x86.ActiveCfg = Release|Any CPU
		{2E87EE2A-9A1C-4588-8184-247E3CC730FD}.Release|x86.Build.0 = Release|Any CPU
		{2E37A096-3BF4-49E1-9FC1-C461EDE1EAD7}.Debug|Any CPU.ActiveCfg = Debug|Any CPU
		{2E37A096-3BF4-49E1-9FC1-C461EDE1EAD7}.Debug|Any CPU.Build.0 = Debug|Any CPU
		{2E37A096-3BF4-49E1-9FC1-C461EDE1EAD7}.Debug|x64.ActiveCfg = Debug|Any CPU
		{2E37A096-3BF4-49E1-9FC1-C461EDE1EAD7}.Debug|x64.Build.0 = Debug|Any CPU
		{2E37A096-3BF4-49E1-9FC1-C461EDE1EAD7}.Debug|x86.ActiveCfg = Debug|Any CPU
		{2E37A096-3BF4-49E1-9FC1-C461EDE1EAD7}.Debug|x86.Build.0 = Debug|Any CPU
		{2E37A096-3BF4-49E1-9FC1-C461EDE1EAD7}.Release|Any CPU.ActiveCfg = Release|Any CPU
		{2E37A096-3BF4-49E1-9FC1-C461EDE1EAD7}.Release|Any CPU.Build.0 = Release|Any CPU
		{2E37A096-3BF4-49E1-9FC1-C461EDE1EAD7}.Release|x64.ActiveCfg = Release|Any CPU
		{2E37A096-3BF4-49E1-9FC1-C461EDE1EAD7}.Release|x64.Build.0 = Release|Any CPU
		{2E37A096-3BF4-49E1-9FC1-C461EDE1EAD7}.Release|x86.ActiveCfg = Release|Any CPU
		{2E37A096-3BF4-49E1-9FC1-C461EDE1EAD7}.Release|x86.Build.0 = Release|Any CPU
		{84A39D57-8AA1-46CF-852A-2A5354F02C78}.Debug|Any CPU.ActiveCfg = Debug|Any CPU
		{84A39D57-8AA1-46CF-852A-2A5354F02C78}.Debug|Any CPU.Build.0 = Debug|Any CPU
		{84A39D57-8AA1-46CF-852A-2A5354F02C78}.Debug|x64.ActiveCfg = Debug|Any CPU
		{84A39D57-8AA1-46CF-852A-2A5354F02C78}.Debug|x64.Build.0 = Debug|Any CPU
		{84A39D57-8AA1-46CF-852A-2A5354F02C78}.Debug|x86.ActiveCfg = Debug|Any CPU
		{84A39D57-8AA1-46CF-852A-2A5354F02C78}.Debug|x86.Build.0 = Debug|Any CPU
		{84A39D57-8AA1-46CF-852A-2A5354F02C78}.Release|Any CPU.ActiveCfg = Release|Any CPU
		{84A39D57-8AA1-46CF-852A-2A5354F02C78}.Release|Any CPU.Build.0 = Release|Any CPU
		{84A39D57-8AA1-46CF-852A-2A5354F02C78}.Release|x64.ActiveCfg = Release|Any CPU
		{84A39D57-8AA1-46CF-852A-2A5354F02C78}.Release|x64.Build.0 = Release|Any CPU
		{84A39D57-8AA1-46CF-852A-2A5354F02C78}.Release|x86.ActiveCfg = Release|Any CPU
		{84A39D57-8AA1-46CF-852A-2A5354F02C78}.Release|x86.Build.0 = Release|Any CPU
		{500FDBDB-12D3-4CDE-B0F3-778EBB271E55}.Debug|Any CPU.ActiveCfg = Debug|Any CPU
		{500FDBDB-12D3-4CDE-B0F3-778EBB271E55}.Debug|Any CPU.Build.0 = Debug|Any CPU
		{500FDBDB-12D3-4CDE-B0F3-778EBB271E55}.Debug|x64.ActiveCfg = Debug|Any CPU
		{500FDBDB-12D3-4CDE-B0F3-778EBB271E55}.Debug|x64.Build.0 = Debug|Any CPU
		{500FDBDB-12D3-4CDE-B0F3-778EBB271E55}.Debug|x86.ActiveCfg = Debug|Any CPU
		{500FDBDB-12D3-4CDE-B0F3-778EBB271E55}.Debug|x86.Build.0 = Debug|Any CPU
		{500FDBDB-12D3-4CDE-B0F3-778EBB271E55}.Release|Any CPU.ActiveCfg = Release|Any CPU
		{500FDBDB-12D3-4CDE-B0F3-778EBB271E55}.Release|Any CPU.Build.0 = Release|Any CPU
		{500FDBDB-12D3-4CDE-B0F3-778EBB271E55}.Release|x64.ActiveCfg = Release|Any CPU
		{500FDBDB-12D3-4CDE-B0F3-778EBB271E55}.Release|x64.Build.0 = Release|Any CPU
		{500FDBDB-12D3-4CDE-B0F3-778EBB271E55}.Release|x86.ActiveCfg = Release|Any CPU
		{500FDBDB-12D3-4CDE-B0F3-778EBB271E55}.Release|x86.Build.0 = Release|Any CPU
		{1804EE34-20A9-441A-B3C5-9BCD7C186A6E}.Debug|Any CPU.ActiveCfg = Debug|Any CPU
		{1804EE34-20A9-441A-B3C5-9BCD7C186A6E}.Debug|Any CPU.Build.0 = Debug|Any CPU
		{1804EE34-20A9-441A-B3C5-9BCD7C186A6E}.Debug|x64.ActiveCfg = Debug|Any CPU
		{1804EE34-20A9-441A-B3C5-9BCD7C186A6E}.Debug|x64.Build.0 = Debug|Any CPU
		{1804EE34-20A9-441A-B3C5-9BCD7C186A6E}.Debug|x86.ActiveCfg = Debug|Any CPU
		{1804EE34-20A9-441A-B3C5-9BCD7C186A6E}.Debug|x86.Build.0 = Debug|Any CPU
		{1804EE34-20A9-441A-B3C5-9BCD7C186A6E}.Release|Any CPU.ActiveCfg = Release|Any CPU
		{1804EE34-20A9-441A-B3C5-9BCD7C186A6E}.Release|Any CPU.Build.0 = Release|Any CPU
		{1804EE34-20A9-441A-B3C5-9BCD7C186A6E}.Release|x64.ActiveCfg = Release|Any CPU
		{1804EE34-20A9-441A-B3C5-9BCD7C186A6E}.Release|x64.Build.0 = Release|Any CPU
		{1804EE34-20A9-441A-B3C5-9BCD7C186A6E}.Release|x86.ActiveCfg = Release|Any CPU
		{1804EE34-20A9-441A-B3C5-9BCD7C186A6E}.Release|x86.Build.0 = Release|Any CPU
	EndGlobalSection
	GlobalSection(SolutionProperties) = preSolution
		HideSolutionNode = FALSE
	EndGlobalSection
	GlobalSection(NestedProjects) = preSolution
		{2E37A096-3BF4-49E1-9FC1-C461EDE1EAD7} = {1713C44A-77E0-456E-9662-B5BF47613672}
		{84A39D57-8AA1-46CF-852A-2A5354F02C78} = {1713C44A-77E0-456E-9662-B5BF47613672}
	EndGlobalSection
	GlobalSection(ExtensibilityGlobals) = postSolution
		SolutionGuid = {178ADFDD-0301-48EA-991F-46D7C4B1EDF9}
	EndGlobalSection
EndGlobal
